schema: '2.0'
stages:
  collect_postmortems:
    cmd: python scripts/stages/collect_postmortems.py
    deps:
    - path: scripts/collect/postmortems.py
      hash: md5
      md5: 0520fa6691d0b1be5f53e2aced105f88
      size: 7114
    - path: scripts/stages/collect_postmortems.py
      hash: md5
      md5: a48a48a029d0a043c66eca79f0420da2
      size: 754
    params:
      params.yaml:
        ingest.max_postmortems: 800
    outs:
    - path: data/pipeline/raw_postmortems.json
      hash: md5
      md5: d751713988987e9331980363e24189ce
      size: 2
  collect:
    cmd: python scripts/stages/collect.py
    deps:
    - path: scripts/collect/github_issues.py
      hash: md5
      md5: 2582cec096431c78a93b1f92df82439c
      size: 8498
    - path: scripts/collect/postmortems.py
      hash: md5
      md5: ddbd3b10f34fd271e6949aaa59d9bd79
      size: 9127
    - path: scripts/stages/collect.py
      hash: md5
      md5: 52c1d7dbf2f428344a1f7ffdd20c59e7
      size: 1394
    params:
      params.yaml:
        ingest.max_per_repo: 200
        ingest.max_postmortems: 800
    outs:
    - path: data/datasets/raw_github.json
      hash: md5
      md5: 499c1db6f9e51fd67ac9bcf049d0ac2d
      size: 2696906
    - path: data/datasets/raw_postmortems.json
      hash: md5
      md5: d5d4ddee9793972fe1cebbfe841da1b4
      size: 1522951
  preprocess:
    cmd: python scripts/stages/preprocess.py
    deps:
    - path: ariadne/core/retrieval/preprocessing.py
      hash: md5
      md5: 7cf9c394bba2ea39ebeb6096ea23d423
      size: 14968
    - path: ariadne/core/retrieval/text_utils.py
      hash: md5
      md5: fd0bd3009b54d34710e35a1bc187623a
      size: 1799
    - path: data/datasets/raw_postmortems.json
      hash: md5
      md5: d5d4ddee9793972fe1cebbfe841da1b4
      size: 1522951
    - path: scripts/stages/preprocess.py
      hash: md5
      md5: 89a37f1c13352803051a762b2b4a5b3a
      size: 1007
    params:
      params.yaml:
        ingest.max_document_age_days:
        ingest.semantic_dedup_threshold: 0.85
    outs:
    - path: data/datasets/clean_docs.json
      hash: md5
      md5: 58232e9282074b5ae8782d22d8bafa7f
      size: 2585831
    - path: data/datasets/preprocess_report.json
      hash: md5
      md5: 34318a1c6f09ff1c694be152883dbb08
      size: 911
  chunk:
    cmd: python scripts/stages/chunk.py
    deps:
    - path: ariadne/core/retrieval/chunking.py
      hash: md5
      md5: c1bab2b86baeb165741a989d4c08b363
      size: 4567
    - path: data/datasets/clean_docs.json
      hash: md5
      md5: 58232e9282074b5ae8782d22d8bafa7f
      size: 2585831
    - path: scripts/stages/chunk.py
      hash: md5
      md5: 0d53d6ee06f37e28ce079eeb3c486e4f
      size: 1035
    params:
      params.yaml:
        ingest.chunk_preset: medium
    outs:
    - path: data/datasets/chunks_medium.json
      hash: md5
      md5: c8d23bba63c4d5f472d7fb8759907387
      size: 5304091
  index:
    cmd: python scripts/stages/index.py
    deps:
    - path: ariadne/core/ingestion.py
      hash: md5
      md5: 762204c18234ecb78dfaa99a72734372
      size: 27358
    - path: ariadne/core/retrieval/vector_stores/qdrant_store.py
      hash: md5
      md5: 98d1e5471583600e6317975ce51874d8
      size: 17694
    - path: data/datasets/chunks_medium.json
      hash: md5
      md5: 704e1f6c16538e81f70104ee2a0cd0e8
      size: 1857268
    - path: scripts/stages/index.py
      hash: md5
      md5: ed90becb1095cd2eb3a37f165f7602bc
      size: 2058
    params:
      params.yaml:
        ingest.embedding_batch_size: 32
        ingest.embedding_model_check: true
    outs:
    - path: data/datasets/index_metrics.json
      hash: md5
      md5: 65b2a9e31e4bc7ad0cbe71f503e109f0
      size: 85259
  evaluate:
    cmd: python scripts/stages/evaluate.py
    deps:
    - path: ariadne/core/ingestion.py
      hash: md5
      md5: dc515c4d8fa3436d70bc76c85a7273f2
      size: 27957
    - path: ariadne/core/retrieval/pipeline_report.py
      hash: md5
      md5: 130fb7a4b1cc488f68a18dee0849a733
      size: 16916
    - path: ariadne/core/retrieval/vector_stores/qdrant_store.py
      hash: md5
      md5: 5e22a77d0d4366cff0b003c5db0c12ae
      size: 18894
    - path: data/datasets/chunks_medium.json
      hash: md5
      md5: 704e1f6c16538e81f70104ee2a0cd0e8
      size: 1857268
    - path: data/datasets/index_metrics_gemini.json
      hash: md5
      md5: 4b7765b2509ec1a283dc753b45f3ccdd
      size: 25832
    - path: data/datasets/index_metrics_ollama.json
      hash: md5
      md5: bd6da80e5c915064dfa8d75ea0f252a4
      size: 483
    - path: data/datasets/index_metrics_openai.json
      hash: md5
      md5: 5016114e142aa4c8b6ed4c061906b3e2
      size: 67019
    - path: data/datasets/preprocess_report.json
      hash: md5
      md5: c32879c6d684cee78994447351c6a302
      size: 909
    - path: scripts/stages/evaluate.py
      hash: md5
      md5: 7f5ca94110ab101c43f42f8fa2f77768
      size: 1210
    params:
      params.yaml:
        ingest.chunk_preset: medium
    outs:
    - path: data/datasets/pipeline_report.json
      hash: md5
      md5: 9cd11463db07495663e309925a8645ca
      size: 2599
  diagnose:
    cmd: python scripts/stages/diagnose.py
    deps:
    - path: ariadne/core/retrieval/pipeline_diagnosis.py
      hash: md5
      md5: c557961179f89c969ae08a841ab5d912
      size: 17912
    - path: ariadne/core/retrieval/pipeline_report.py
      hash: md5
      md5: 130fb7a4b1cc488f68a18dee0849a733
      size: 16916
    - path: data/datasets/pipeline_report.json
      hash: md5
      md5: 9cd11463db07495663e309925a8645ca
      size: 2599
    - path: scripts/stages/diagnose.py
      hash: md5
      md5: 5eb72432f12b9b45af54b1efbcdc0b4f
      size: 1384
    outs:
    - path: data/datasets/pipeline_diagnosis.json
      hash: md5
      md5: 5428a3e48a3bc2407998deb4e18e73bf
      size: 1089
  index_gemini:
    cmd: python scripts/stages/index.py --provider gemini
    deps:
    - path: ariadne/core/ingestion.py
      hash: md5
      md5: dc515c4d8fa3436d70bc76c85a7273f2
      size: 27957
    - path: ariadne/core/retrieval/vector_stores/qdrant_store.py
      hash: md5
      md5: 5e22a77d0d4366cff0b003c5db0c12ae
      size: 18894
    - path: data/datasets/chunks_medium.json
      hash: md5
      md5: 704e1f6c16538e81f70104ee2a0cd0e8
      size: 1857268
    - path: scripts/stages/index.py
      hash: md5
      md5: 3a712f1fc47b62cd144976c5fbcd8c19
      size: 3332
    params:
      params.yaml:
        ingest.embedding_batch_size: 32
        ingest.embedding_model_check: true
    outs:
    - path: data/datasets/index_metrics_gemini.json
      hash: md5
      md5: 4b7765b2509ec1a283dc753b45f3ccdd
      size: 25832
  index_ollama:
    cmd: python scripts/stages/index.py --provider ollama
    deps:
    - path: ariadne/core/ingestion.py
      hash: md5
      md5: dc515c4d8fa3436d70bc76c85a7273f2
      size: 27957
    - path: ariadne/core/retrieval/vector_stores/qdrant_store.py
      hash: md5
      md5: 5e22a77d0d4366cff0b003c5db0c12ae
      size: 18894
    - path: data/datasets/chunks_medium.json
      hash: md5
      md5: 704e1f6c16538e81f70104ee2a0cd0e8
      size: 1857268
    - path: scripts/stages/index.py
      hash: md5
      md5: 3a712f1fc47b62cd144976c5fbcd8c19
      size: 3332
    params:
      params.yaml:
        ingest.embedding_batch_size: 32
        ingest.embedding_model_check: true
    outs:
    - path: data/datasets/index_metrics_ollama.json
      hash: md5
      md5: bd6da80e5c915064dfa8d75ea0f252a4
      size: 483
  index_openai:
    cmd: python scripts/stages/index.py --provider openai
    deps:
    - path: ariadne/core/ingestion.py
      hash: md5
      md5: dc515c4d8fa3436d70bc76c85a7273f2
      size: 27957
    - path: ariadne/core/retrieval/vector_stores/qdrant_store.py
      hash: md5
      md5: 5e22a77d0d4366cff0b003c5db0c12ae
      size: 18894
    - path: data/datasets/chunks_medium.json
      hash: md5
      md5: 704e1f6c16538e81f70104ee2a0cd0e8
      size: 1857268
    - path: scripts/stages/index.py
      hash: md5
      md5: 3a712f1fc47b62cd144976c5fbcd8c19
      size: 3332
    params:
      params.yaml:
        ingest.embedding_batch_size: 32
        ingest.embedding_model_check: true
    outs:
    - path: data/datasets/index_metrics_openai.json
      hash: md5
      md5: 5016114e142aa4c8b6ed4c061906b3e2
      size: 67019
